
Microsoft Visual Studio Solution File, Format Version 12.00
# Visual Studio Version 16
VisualStudioVersion = 16.0.29519.87
MinimumVisualStudioVersion = 10.0.40219.1
Project("{FAE04EC0-301F-11D3-BF4B-00C04F79EFBC}") = "NeuralNetworkTools", "NeuralNetworkTools\NeuralNetworkTools.csproj", "{C5A94EC6-E131-49E9-94D2-55E9FDE29FB9}"
EndProject
Project("{FAE04EC0-301F-11D3-BF4B-00C04F79EFBC}") = "AnomalyDetectionApplication", "AnomalyDetectionApplication\AnomalyDetectionApplication.csproj", "{C385196C-B755-4164-8608-46B940C4340B}"
EndProject
Project("{9A19103F-16F7-4668-BE54-9A1E7A4F7556}") = "WaveletAnomalyDetection", "WaveletAnomalyDetection\WaveletAnomalyDetection.csproj", "{0D7A0285-ECF7-48E2-B2A5-92EE89510A3B}"
EndProject
Global
	GlobalSection(SolutionConfigurationPlatforms) = preSolution
		Debug|Any CPU = Debug|Any CPU
		Release|Any CPU = Release|Any CPU
	EndGlobalSection
	GlobalSection(ProjectConfigurationPlatforms) = postSolution
		{C5A94EC6-E131-49E9-94D2-55E9FDE29FB9}.Debug|Any CPU.ActiveCfg = Debug|Any CPU
		{C5A94EC6-E131-49E9-94D2-55E9FDE29FB9}.Debug|Any CPU.Build.0 = Debug|Any CPU
		{C5A94EC6-E131-49E9-94D2-55E9FDE29FB9}.Release|Any CPU.ActiveCfg = Release|Any CPU
		{C5A94EC6-E131-49E9-94D2-55E9FDE29FB9}.Release|Any CPU.Build.0 = Release|Any CPU
		{C385196C-B755-4164-8608-46B940C4340B}.Debug|Any CPU.ActiveCfg = Debug|Any CPU
		{C385196C-B755-4164-8608-46B940C4340B}.Debug|Any CPU.Build.0 = Debug|Any CPU
		{C385196C-B755-4164-8608-46B940C4340B}.Release|Any CPU.ActiveCfg = Release|Any CPU
		{C385196C-B755-4164-8608-46B940C4340B}.Release|Any CPU.Build.0 = Release|Any CPU
		{0D7A0285-ECF7-48E2-B2A5-92EE89510A3B}.Debug|Any CPU.ActiveCfg = Debug|Any CPU
		{0D7A0285-ECF7-48E2-B2A5-92EE89510A3B}.Debug|Any CPU.Build.0 = Debug|Any CPU
		{0D7A0285-ECF7-48E2-B2A5-92EE89510A3B}.Release|Any CPU.ActiveCfg = Release|Any CPU
		{0D7A0285-ECF7-48E2-B2A5-92EE89510A3B}.Release|Any CPU.Build.0 = Release|Any CPU
	EndGlobalSection
	GlobalSection(SolutionProperties) = preSolution
		HideSolutionNode = FALSE
	EndGlobalSection
	GlobalSection(ExtensibilityGlobals) = postSolution
		SolutionGuid = {576E75F0-466E-4BA6-A6CC-B68D4A00659E}
	EndGlobalSection
EndGlobal
